
Microsoft Visual Studio Solution File, Format Version 12.00
# Visual Studio Version 16
VisualStudioVersion = 16.0.28803.352
MinimumVisualStudioVersion = 10.0.40219.1
Project("{FAE04EC0-301F-11D3-BF4B-00C04F79EFBC}") = "MySharp.Logging", "MySharp.Logging\MySharp.Logging.csproj", "{FA3AEAED-9D8F-4D67-B934-0CE909440549}"
EndProject
Project("{FAE04EC0-301F-11D3-BF4B-00C04F79EFBC}") = "MySharp.Logging.Test", "MySharp.Logging.Test\MySharp.Logging.Test.csproj", "{7D4F2DA6-5926-464A-B1E9-92F6A60CBBFD}"
EndProject
Global
	GlobalSection(SolutionConfigurationPlatforms) = preSolution
		Debug|Any CPU = Debug|Any CPU
		Release|Any CPU = Release|Any CPU
	EndGlobalSection
	GlobalSection(ProjectConfigurationPlatforms) = postSolution
		{FA3AEAED-9D8F-4D67-B934-0CE909440549}.Debug|Any CPU.ActiveCfg = Debug|Any CPU
		{FA3AEAED-9D8F-4D67-B934-0CE909440549}.Debug|Any CPU.Build.0 = Debug|Any CPU
		{FA3AEAED-9D8F-4D67-B934-0CE909440549}.Release|Any CPU.ActiveCfg = Release|Any CPU
		{FA3AEAED-9D8F-4D67-B934-0CE909440549}.Release|Any CPU.Build.0 = Release|Any CPU
		{7D4F2DA6-5926-464A-B1E9-92F6A60CBBFD}.Debug|Any CPU.ActiveCfg = Debug|Any CPU
		{7D4F2DA6-5926-464A-B1E9-92F6A60CBBFD}.Debug|Any CPU.Build.0 = Debug|Any CPU
		{7D4F2DA6-5926-464A-B1E9-92F6A60CBBFD}.Release|Any CPU.ActiveCfg = Release|Any CPU
		{7D4F2DA6-5926-464A-B1E9-92F6A60CBBFD}.Release|Any CPU.Build.0 = Release|Any CPU
	EndGlobalSection
	GlobalSection(SolutionProperties) = preSolution
		HideSolutionNode = FALSE
	EndGlobalSection
	GlobalSection(ExtensibilityGlobals) = postSolution
		SolutionGuid = {D89C5D30-0D2C-495A-A1A4-73F384E201A2}
	EndGlobalSection
EndGlobal
